
Microsoft Visual Studio Solution File, Format Version 12.00
# Visual Studio 15
VisualStudioVersion = 15.0.28307.572
MinimumVisualStudioVersion = 10.0.40219.1
Project("{FAE04EC0-301F-11D3-BF4B-00C04F79EFBC}") = "SharedLib", "SharedLib\SharedLib.csproj", "{3130D6E6-C450-4B7D-B756-96E6D49D3738}"
EndProject
Global
	GlobalSection(SolutionConfigurationPlatforms) = preSolution
		Debug|Any CPU = Debug|Any CPU
		Release|Any CPU = Release|Any CPU
	EndGlobalSection
	GlobalSection(ProjectConfigurationPlatforms) = postSolution
		{3130D6E6-C450-4B7D-B756-96E6D49D3738}.Debug|Any CPU.ActiveCfg = Debug|Any CPU
		{3130D6E6-C450-4B7D-B756-96E6D49D3738}.Debug|Any CPU.Build.0 = Debug|Any CPU
		{3130D6E6-C450-4B7D-B756-96E6D49D3738}.Release|Any CPU.ActiveCfg = Release|Any CPU
		{3130D6E6-C450-4B7D-B756-96E6D49D3738}.Release|Any CPU.Build.0 = Release|Any CPU
	EndGlobalSection
	GlobalSection(SolutionProperties) = preSolution
		HideSolutionNode = FALSE
	EndGlobalSection
	GlobalSection(ExtensibilityGlobals) = postSolution
		SolutionGuid = {299B6A40-7B1A-4BAF-A8BC-224B3FB2CE8C}
	EndGlobalSection
EndGlobal
